[root]
name = "embed_lang"
version = "0.0.1"
dependencies = [
 "env_logger 0.3.0 (registry+https://github.com/rust-lang/crates.io-index)",
 "log 0.3.1 (registry+https://github.com/rust-lang/crates.io-index)",
 "parser-combinators 0.3.2 (registry+https://github.com/rust-lang/crates.io-index)",
 "parser-combinators-language 0.1.0 (git+https://github.com/Marwes/parser-combinators-language.git)",
]

[[package]]
name = "env_logger"
version = "0.3.0"
source = "registry+https://github.com/rust-lang/crates.io-index"
dependencies = [
 "log 0.3.1 (registry+https://github.com/rust-lang/crates.io-index)",
 "regex 0.1.30 (registry+https://github.com/rust-lang/crates.io-index)",
]

[[package]]
name = "libc"
version = "0.1.8"
source = "registry+https://github.com/rust-lang/crates.io-index"

[[package]]
name = "log"
version = "0.3.1"
source = "registry+https://github.com/rust-lang/crates.io-index"
dependencies = [
 "libc 0.1.8 (registry+https://github.com/rust-lang/crates.io-index)",
]

[[package]]
name = "parser-combinators"
version = "0.3.2"
source = "registry+https://github.com/rust-lang/crates.io-index"

[[package]]
name = "parser-combinators-language"
version = "0.1.0"
source = "git+https://github.com/Marwes/parser-combinators-language.git#8a99a1a7d29276976d4af9b6a004a453b70e0f0f"
dependencies = [
 "parser-combinators 0.3.2 (registry+https://github.com/rust-lang/crates.io-index)",
]

[[package]]
name = "regex"
version = "0.1.30"
source = "registry+https://github.com/rust-lang/crates.io-index"

